
Microsoft Visual Studio Solution File, Format Version 12.00
# Visual Studio Version 17
VisualStudioVersion = 17.9.34728.123
MinimumVisualStudioVersion = 10.0.40219.1
Project("{9A19103F-16F7-4668-BE54-9A1E7A4F7556}") = "ReProcess", "ReProcess.csproj", "{0287F29A-426F-475F-9AAF-6F2A515CCB9D}"
EndProject
Global
	GlobalSection(SolutionConfigurationPlatforms) = preSolution
		Debug|Any CPU = Debug|Any CPU
		Release|Any CPU = Release|Any CPU
	EndGlobalSection
	GlobalSection(ProjectConfigurationPlatforms) = postSolution
		{0287F29A-426F-475F-9AAF-6F2A515CCB9D}.Debug|Any CPU.ActiveCfg = Debug|Any CPU
		{0287F29A-426F-475F-9AAF-6F2A515CCB9D}.Debug|Any CPU.Build.0 = Debug|Any CPU
		{0287F29A-426F-475F-9AAF-6F2A515CCB9D}.Release|Any CPU.ActiveCfg = Release|Any CPU
		{0287F29A-426F-475F-9AAF-6F2A515CCB9D}.Release|Any CPU.Build.0 = Release|Any CPU
	EndGlobalSection
	GlobalSection(SolutionProperties) = preSolution
		HideSolutionNode = FALSE
	EndGlobalSection
	GlobalSection(ExtensibilityGlobals) = postSolution
		SolutionGuid = {678FF82E-7C04-45DD-8789-28A39DBE55A5}
	EndGlobalSection
EndGlobal
